
Microsoft Visual Studio Solution File, Format Version 12.00
# Visual Studio Version 17
VisualStudioVersion = 17.5.33516.290
MinimumVisualStudioVersion = 10.0.40219.1
Project("{9A19103F-16F7-4668-BE54-9A1E7A4F7556}") = "Bot", "Bot\Bot.csproj", "{A6620774-FF28-4008-A5AF-E3479947504B}"
EndProject
Project("{9A19103F-16F7-4668-BE54-9A1E7A4F7556}") = "geniussolution CLI", "77main CLI\geniussolution CLI.csproj", "{8572886D-73E4-4424-B0B1-B977D63DA791}"
EndProject
Project("{9A19103F-16F7-4668-BE54-9A1E7A4F7556}") = "geniussolution", "77main\geniussolution.csproj", "{4196B685-E165-4982-9BFB-E05D974E4553}"
EndProject
Global
	GlobalSection(SolutionConfigurationPlatforms) = preSolution
		Debug|Any CPU = Debug|Any CPU
		Release|Any CPU = Release|Any CPU
	EndGlobalSection
	GlobalSection(ProjectConfigurationPlatforms) = postSolution
		{A6620774-FF28-4008-A5AF-E3479947504B}.Debug|Any CPU.ActiveCfg = Debug|Any CPU
		{A6620774-FF28-4008-A5AF-E3479947504B}.Debug|Any CPU.Build.0 = Debug|Any CPU
		{A6620774-FF28-4008-A5AF-E3479947504B}.Release|Any CPU.ActiveCfg = Release|Any CPU
		{A6620774-FF28-4008-A5AF-E3479947504B}.Release|Any CPU.Build.0 = Release|Any CPU
		{8572886D-73E4-4424-B0B1-B977D63DA791}.Debug|Any CPU.ActiveCfg = Debug|Any CPU
		{8572886D-73E4-4424-B0B1-B977D63DA791}.Debug|Any CPU.Build.0 = Debug|Any CPU
		{8572886D-73E4-4424-B0B1-B977D63DA791}.Release|Any CPU.ActiveCfg = Release|Any CPU
		{8572886D-73E4-4424-B0B1-B977D63DA791}.Release|Any CPU.Build.0 = Release|Any CPU
		{4196B685-E165-4982-9BFB-E05D974E4553}.Debug|Any CPU.ActiveCfg = Debug|Any CPU
		{4196B685-E165-4982-9BFB-E05D974E4553}.Debug|Any CPU.Build.0 = Debug|Any CPU
		{4196B685-E165-4982-9BFB-E05D974E4553}.Release|Any CPU.ActiveCfg = Release|Any CPU
		{4196B685-E165-4982-9BFB-E05D974E4553}.Release|Any CPU.Build.0 = Release|Any CPU
	EndGlobalSection
	GlobalSection(SolutionProperties) = preSolution
		HideSolutionNode = FALSE
	EndGlobalSection
	GlobalSection(ExtensibilityGlobals) = postSolution
		SolutionGuid = {B40103DC-254F-4B28-AFDF-ED2E310424E0}
	EndGlobalSection
EndGlobal
